
Microsoft Visual Studio Solution File, Format Version 12.00
# Visual Studio Version 17
VisualStudioVersion = 17.0.31612.314
MinimumVisualStudioVersion = 10.0.40219.1
Project("{FAE04EC0-301F-11D3-BF4B-00C04F79EFBC}") = "FindRazorSourceFile.VSExtension2019", "VSExtension\VS2019\FindRazorSourceFile.VSExtension2019.csproj", "{148BA51E-FE66-4F60-A47A-D27F6E56BD7C}"
EndProject
Project("{D954291E-2A0B-460D-934E-DC6B0785DB48}") = "FindRazorSourceFile.VSExtension.Shared", "VSExtension\Shared\FindRazorSourceFile.VSExtension.Shared.shproj", "{80C50C07-7CCE-4D4D-AB9C-4BE9E46F104B}"
EndProject
Project("{FAE04EC0-301F-11D3-BF4B-00C04F79EFBC}") = "FindRazorSourceFile.VSExtension2022", "VSExtension\VS2022\FindRazorSourceFile.VSExtension2022.csproj", "{20B5C602-A98D-41D4-BA19-C9EA8206FFD3}"
EndProject
Global
	GlobalSection(SharedMSBuildProjectFiles) = preSolution
		VSExtension\Shared\FindRazorSourceFile.VSExtension.Shared.projitems*{148ba51e-fe66-4f60-a47a-d27f6e56bd7c}*SharedItemsImports = 4
		VSExtension\Shared\FindRazorSourceFile.VSExtension.Shared.projitems*{20b5c602-a98d-41d4-ba19-c9ea8206ffd3}*SharedItemsImports = 4
		VSExtension\Shared\FindRazorSourceFile.VSExtension.Shared.projitems*{80c50c07-7cce-4d4d-ab9c-4be9e46f104b}*SharedItemsImports = 13
	EndGlobalSection
	GlobalSection(SolutionConfigurationPlatforms) = preSolution
		Debug|Any CPU = Debug|Any CPU
		Debug|x64 = Debug|x64
		Debug|x86 = Debug|x86
		Release|Any CPU = Release|Any CPU
		Release|x64 = Release|x64
		Release|x86 = Release|x86
	EndGlobalSection
	GlobalSection(ProjectConfigurationPlatforms) = postSolution
		{148BA51E-FE66-4F60-A47A-D27F6E56BD7C}.Debug|Any CPU.ActiveCfg = Debug|Any CPU
		{148BA51E-FE66-4F60-A47A-D27F6E56BD7C}.Debug|Any CPU.Build.0 = Debug|Any CPU
		{148BA51E-FE66-4F60-A47A-D27F6E56BD7C}.Debug|x64.ActiveCfg = Debug|Any CPU
		{148BA51E-FE66-4F60-A47A-D27F6E56BD7C}.Debug|x64.Build.0 = Debug|Any CPU
		{148BA51E-FE66-4F60-A47A-D27F6E56BD7C}.Debug|x86.ActiveCfg = Debug|Any CPU
		{148BA51E-FE66-4F60-A47A-D27F6E56BD7C}.Debug|x86.Build.0 = Debug|Any CPU
		{148BA51E-FE66-4F60-A47A-D27F6E56BD7C}.Release|Any CPU.ActiveCfg = Release|Any CPU
		{148BA51E-FE66-4F60-A47A-D27F6E56BD7C}.Release|Any CPU.Build.0 = Release|Any CPU
		{148BA51E-FE66-4F60-A47A-D27F6E56BD7C}.Release|x64.ActiveCfg = Release|Any CPU
		{148BA51E-FE66-4F60-A47A-D27F6E56BD7C}.Release|x64.Build.0 = Release|Any CPU
		{148BA51E-FE66-4F60-A47A-D27F6E56BD7C}.Release|x86.ActiveCfg = Release|Any CPU
		{148BA51E-FE66-4F60-A47A-D27F6E56BD7C}.Release|x86.Build.0 = Release|Any CPU
		{20B5C602-A98D-41D4-BA19-C9EA8206FFD3}.Debug|Any CPU.ActiveCfg = Debug|Any CPU
		{20B5C602-A98D-41D4-BA19-C9EA8206FFD3}.Debug|Any CPU.Build.0 = Debug|Any CPU
		{20B5C602-A98D-41D4-BA19-C9EA8206FFD3}.Debug|x64.ActiveCfg = Debug|Any CPU
		{20B5C602-A98D-41D4-BA19-C9EA8206FFD3}.Debug|x64.Build.0 = Debug|Any CPU
		{20B5C602-A98D-41D4-BA19-C9EA8206FFD3}.Debug|x86.ActiveCfg = Debug|x86
		{20B5C602-A98D-41D4-BA19-C9EA8206FFD3}.Debug|x86.Build.0 = Debug|x86
		{20B5C602-A98D-41D4-BA19-C9EA8206FFD3}.Release|Any CPU.ActiveCfg = Release|Any CPU
		{20B5C602-A98D-41D4-BA19-C9EA8206FFD3}.Release|Any CPU.Build.0 = Release|Any CPU
		{20B5C602-A98D-41D4-BA19-C9EA8206FFD3}.Release|x64.ActiveCfg = Release|Any CPU
		{20B5C602-A98D-41D4-BA19-C9EA8206FFD3}.Release|x64.Build.0 = Release|Any CPU
		{20B5C602-A98D-41D4-BA19-C9EA8206FFD3}.Release|x86.ActiveCfg = Release|x86
		{20B5C602-A98D-41D4-BA19-C9EA8206FFD3}.Release|x86.Build.0 = Release|x86
	EndGlobalSection
	GlobalSection(SolutionProperties) = preSolution
		HideSolutionNode = FALSE
	EndGlobalSection
	GlobalSection(ExtensibilityGlobals) = postSolution
		SolutionGuid = {E47CBB1B-089B-4B77-A224-12CD740DF22D}
	EndGlobalSection
EndGlobal
