
Microsoft Visual Studio Solution File, Format Version 12.00
# Visual Studio Version 17
VisualStudioVersion = 17.0.31521.260
MinimumVisualStudioVersion = 10.0.40219.1
Project("{9A19103F-16F7-4668-BE54-9A1E7A4F7556}") = "SampleSite.Components", "SampleSites\Components\SampleSite.Components.csproj", "{238402DF-EF4B-49FE-B2DF-976224B129DC}"
EndProject
Project("{9A19103F-16F7-4668-BE54-9A1E7A4F7556}") = "SampleSite.Client", "SampleSites\Client\SampleSite.Client.csproj", "{736C5EAD-3112-45CA-9CE6-628DAEF5957A}"
EndProject
Project("{9A19103F-16F7-4668-BE54-9A1E7A4F7556}") = "SampleSite.Host", "SampleSites\Host\SampleSite.Host.csproj", "{5D3D36E3-9DA2-4208-AF31-6A4DF701DD23}"
EndProject
Project("{9A19103F-16F7-4668-BE54-9A1E7A4F7556}") = "SampleSite.Server", "SampleSites\Server\SampleSite.Server.csproj", "{145DA901-F17C-47DB-8F34-78A122E4A433}"
EndProject
Global
	GlobalSection(SolutionConfigurationPlatforms) = preSolution
		Debug|Any CPU = Debug|Any CPU
		Debug|x64 = Debug|x64
		Debug|x86 = Debug|x86
		Release|Any CPU = Release|Any CPU
		Release|x64 = Release|x64
		Release|x86 = Release|x86
	EndGlobalSection
	GlobalSection(ProjectConfigurationPlatforms) = postSolution
		{238402DF-EF4B-49FE-B2DF-976224B129DC}.Debug|Any CPU.ActiveCfg = Debug|Any CPU
		{238402DF-EF4B-49FE-B2DF-976224B129DC}.Debug|Any CPU.Build.0 = Debug|Any CPU
		{238402DF-EF4B-49FE-B2DF-976224B129DC}.Debug|x64.ActiveCfg = Debug|Any CPU
		{238402DF-EF4B-49FE-B2DF-976224B129DC}.Debug|x64.Build.0 = Debug|Any CPU
		{238402DF-EF4B-49FE-B2DF-976224B129DC}.Debug|x86.ActiveCfg = Debug|Any CPU
		{238402DF-EF4B-49FE-B2DF-976224B129DC}.Debug|x86.Build.0 = Debug|Any CPU
		{238402DF-EF4B-49FE-B2DF-976224B129DC}.Release|Any CPU.ActiveCfg = Release|Any CPU
		{238402DF-EF4B-49FE-B2DF-976224B129DC}.Release|Any CPU.Build.0 = Release|Any CPU
		{238402DF-EF4B-49FE-B2DF-976224B129DC}.Release|x64.ActiveCfg = Release|Any CPU
		{238402DF-EF4B-49FE-B2DF-976224B129DC}.Release|x64.Build.0 = Release|Any CPU
		{238402DF-EF4B-49FE-B2DF-976224B129DC}.Release|x86.ActiveCfg = Release|Any CPU
		{238402DF-EF4B-49FE-B2DF-976224B129DC}.Release|x86.Build.0 = Release|Any CPU
		{736C5EAD-3112-45CA-9CE6-628DAEF5957A}.Debug|Any CPU.ActiveCfg = Debug|Any CPU
		{736C5EAD-3112-45CA-9CE6-628DAEF5957A}.Debug|Any CPU.Build.0 = Debug|Any CPU
		{736C5EAD-3112-45CA-9CE6-628DAEF5957A}.Debug|x64.ActiveCfg = Debug|Any CPU
		{736C5EAD-3112-45CA-9CE6-628DAEF5957A}.Debug|x64.Build.0 = Debug|Any CPU
		{736C5EAD-3112-45CA-9CE6-628DAEF5957A}.Debug|x86.ActiveCfg = Debug|Any CPU
		{736C5EAD-3112-45CA-9CE6-628DAEF5957A}.Debug|x86.Build.0 = Debug|Any CPU
		{736C5EAD-3112-45CA-9CE6-628DAEF5957A}.Release|Any CPU.ActiveCfg = Release|Any CPU
		{736C5EAD-3112-45CA-9CE6-628DAEF5957A}.Release|Any CPU.Build.0 = Release|Any CPU
		{736C5EAD-3112-45CA-9CE6-628DAEF5957A}.Release|x64.ActiveCfg = Release|Any CPU
		{736C5EAD-3112-45CA-9CE6-628DAEF5957A}.Release|x64.Build.0 = Release|Any CPU
		{736C5EAD-3112-45CA-9CE6-628DAEF5957A}.Release|x86.ActiveCfg = Release|Any CPU
		{736C5EAD-3112-45CA-9CE6-628DAEF5957A}.Release|x86.Build.0 = Release|Any CPU
		{5D3D36E3-9DA2-4208-AF31-6A4DF701DD23}.Debug|Any CPU.ActiveCfg = Debug|Any CPU
		{5D3D36E3-9DA2-4208-AF31-6A4DF701DD23}.Debug|Any CPU.Build.0 = Debug|Any CPU
		{5D3D36E3-9DA2-4208-AF31-6A4DF701DD23}.Debug|x64.ActiveCfg = Debug|Any CPU
		{5D3D36E3-9DA2-4208-AF31-6A4DF701DD23}.Debug|x64.Build.0 = Debug|Any CPU
		{5D3D36E3-9DA2-4208-AF31-6A4DF701DD23}.Debug|x86.ActiveCfg = Debug|Any CPU
		{5D3D36E3-9DA2-4208-AF31-6A4DF701DD23}.Debug|x86.Build.0 = Debug|Any CPU
		{5D3D36E3-9DA2-4208-AF31-6A4DF701DD23}.Release|Any CPU.ActiveCfg = Release|Any CPU
		{5D3D36E3-9DA2-4208-AF31-6A4DF701DD23}.Release|Any CPU.Build.0 = Release|Any CPU
		{5D3D36E3-9DA2-4208-AF31-6A4DF701DD23}.Release|x64.ActiveCfg = Release|Any CPU
		{5D3D36E3-9DA2-4208-AF31-6A4DF701DD23}.Release|x64.Build.0 = Release|Any CPU
		{5D3D36E3-9DA2-4208-AF31-6A4DF701DD23}.Release|x86.ActiveCfg = Release|Any CPU
		{5D3D36E3-9DA2-4208-AF31-6A4DF701DD23}.Release|x86.Build.0 = Release|Any CPU
		{145DA901-F17C-47DB-8F34-78A122E4A433}.Debug|Any CPU.ActiveCfg = Debug|Any CPU
		{145DA901-F17C-47DB-8F34-78A122E4A433}.Debug|Any CPU.Build.0 = Debug|Any CPU
		{145DA901-F17C-47DB-8F34-78A122E4A433}.Debug|x64.ActiveCfg = Debug|Any CPU
		{145DA901-F17C-47DB-8F34-78A122E4A433}.Debug|x64.Build.0 = Debug|Any CPU
		{145DA901-F17C-47DB-8F34-78A122E4A433}.Debug|x86.ActiveCfg = Debug|Any CPU
		{145DA901-F17C-47DB-8F34-78A122E4A433}.Debug|x86.Build.0 = Debug|Any CPU
		{145DA901-F17C-47DB-8F34-78A122E4A433}.Release|Any CPU.ActiveCfg = Release|Any CPU
		{145DA901-F17C-47DB-8F34-78A122E4A433}.Release|Any CPU.Build.0 = Release|Any CPU
		{145DA901-F17C-47DB-8F34-78A122E4A433}.Release|x64.ActiveCfg = Release|Any CPU
		{145DA901-F17C-47DB-8F34-78A122E4A433}.Release|x64.Build.0 = Release|Any CPU
		{145DA901-F17C-47DB-8F34-78A122E4A433}.Release|x86.ActiveCfg = Release|Any CPU
		{145DA901-F17C-47DB-8F34-78A122E4A433}.Release|x86.Build.0 = Release|Any CPU
	EndGlobalSection
	GlobalSection(SolutionProperties) = preSolution
		HideSolutionNode = FALSE
	EndGlobalSection
	GlobalSection(ExtensibilityGlobals) = postSolution
		SolutionGuid = {900F748E-BBB2-486D-941A-4563A49E022B}
	EndGlobalSection
EndGlobal
